<?xml version="1.0" encoding="utf-8"?>
<Project ToolsVersion="4.0" xmlns="http://schemas.microsoft.com/developer/msbuild/2003">
  <ItemGroup>
    <Filter Include="ソース ファイル">
      <UniqueIdentifier>{4FC737F1-C7A5-4376-A066-2A32D752A2FF}</UniqueIdentifier>
      <Extensions>cpp;c;cc;cxx;c++;cppm;ixx;def;odl;idl;hpj;bat;asm;asmx</Extensions>
    </Filter>
    <Filter Include="ヘッダー ファイル">
      <UniqueIdentifier>{93995380-89BD-4b04-88EB-625FBE52EBFB}</UniqueIdentifier>
      <Extensions>h;hh;hpp;hxx;h++;hm;inl;inc;ipp;xsd</Extensions>
    </Filter>
    <Filter Include="リソース ファイル">
      <UniqueIdentifier>{67DA6AB6-F800-4c08-8B7A-83BB121AAD01}</UniqueIdentifier>
      <Extensions>rc;ico;cur;bmp;dlg;rc2;rct;bin;rgs;gif;jpg;jpeg;jpe;resx;tiff;tif;png;wav;mfcribbon-ms</Extensions>
    </Filter>
    <Filter Include="ソース ファイル\PnLib">
      <UniqueIdentifier>{0bd5dc81-b768-4ccc-bdc8-654ca503e684}</UniqueIdentifier>
    </Filter>
    <Filter Include="ヘッダー ファイル\PnHead">
      <UniqueIdentifier>{6d1230f1-3d61-4406-a9dd-b07b7123bd40}</UniqueIdentifier>
    </Filter>
    <Filter Include="ソース ファイル\GLI">
      <UniqueIdentifier>{5cc593df-b688-4039-acb1-4f81c3d22e75}</UniqueIdentifier>
    </Filter>
    <Filter Include="ヘッダー ファイル\GLI">
      <UniqueIdentifier>{c1c23186-4dea-4e6d-85c7-d622c9a80820}</UniqueIdentifier>
    </Filter>
    <Filter Include="リソース ファイル\MemoryAllocaterLog">
      <UniqueIdentifier>{7d25417c-60d4-4b90-a208-525c2606eb14}</UniqueIdentifier>
    </Filter>
    <Filter Include="ソース ファイル\Shader">
      <UniqueIdentifier>{3468d990-bed4-48d7-a6bf-b6be6f7619bb}</UniqueIdentifier>
    </Filter>
    <Filter Include="ソース ファイル\PnLib\exmemory">
      <UniqueIdentifier>{9373ef29-0c38-4efe-be4a-648d48a85101}</UniqueIdentifier>
    </Filter>
    <Filter Include="ソース ファイル\PnLib\exreader">
      <UniqueIdentifier>{50ecb825-4624-43eb-9ee4-9199bdc4cbec}</UniqueIdentifier>
    </Filter>
    <Filter Include="ソース ファイル\PnLib\pnstr">
      <UniqueIdentifier>{c27dca9a-6ddc-473f-bb60-a5e347762031}</UniqueIdentifier>
    </Filter>
    <Filter Include="ヘッダー ファイル\PnHead\exmemory">
      <UniqueIdentifier>{f329123a-e34b-421b-941e-d062441b03b5}</UniqueIdentifier>
    </Filter>
    <Filter Include="ヘッダー ファイル\PnHead\util">
      <UniqueIdentifier>{bb4d8db6-191d-4fca-95b1-2764da24de02}</UniqueIdentifier>
    </Filter>
    <Filter Include="ソース ファイル\PnLib\util">
      <UniqueIdentifier>{585b7691-300e-492d-8c62-178d14c6f358}</UniqueIdentifier>
    </Filter>
    <Filter Include="ヘッダー ファイル\PnHead\exreader">
      <UniqueIdentifier>{4123f141-cdf2-4c54-b59e-acd5fbc29307}</UniqueIdentifier>
    </Filter>
    <Filter Include="ヘッダー ファイル\PnHead\pnstr">
      <UniqueIdentifier>{94f30771-b838-4f4b-94b1-df805bf226bc}</UniqueIdentifier>
    </Filter>
    <Filter Include="ヘッダー ファイル\PnHead\exmemory\Allocater">
      <UniqueIdentifier>{af200d8d-7fea-4469-8dc4-017f12a6c01f}</UniqueIdentifier>
    </Filter>
    <Filter Include="ヘッダー ファイル\PnHead\exmemory\Pool">
      <UniqueIdentifier>{4c769807-5ddb-48f9-bdf9-b66d7766183a}</UniqueIdentifier>
    </Filter>
    <Filter Include="ヘッダー ファイル\PnHead\col">
      <UniqueIdentifier>{1ace7869-9dc8-4f53-a228-c6cb9892a373}</UniqueIdentifier>
    </Filter>
    <Filter Include="ソース ファイル\PnLib\col">
      <UniqueIdentifier>{35a93905-11e3-4a43-9db9-0998961d46b2}</UniqueIdentifier>
    </Filter>
  </ItemGroup>
  <ItemGroup>
    <ClCompile Include="main.cpp">
      <Filter>ソース ファイル</Filter>
    </ClCompile>
    <ClCompile Include="glad.c">
      <Filter>ソース ファイル</Filter>
    </ClCompile>
    <ClCompile Include="Shader.cpp">
      <Filter>ソース ファイル\GLI</Filter>
    </ClCompile>
    <ClCompile Include="Object.cpp">
      <Filter>ソース ファイル\GLI</Filter>
    </ClCompile>
    <ClCompile Include="glfw_Window.cpp">
      <Filter>ソース ファイル\GLI</Filter>
    </ClCompile>
    <ClCompile Include="BoundaryTag.cpp">
      <Filter>ソース ファイル\PnLib\exmemory</Filter>
    </ClCompile>
    <ClCompile Include="TLSFmemory.cpp">
      <Filter>ソース ファイル\PnLib\exmemory</Filter>
    </ClCompile>
    <ClCompile Include="readDocument.cpp">
      <Filter>ソース ファイル\PnLib\exreader</Filter>
    </ClCompile>
    <ClCompile Include="readtxt.cpp">
      <Filter>ソース ファイル\PnLib\exreader</Filter>
    </ClCompile>
    <ClCompile Include="BitMap64.cpp">
      <Filter>ソース ファイル\PnLib\util</Filter>
    </ClCompile>
    <ClCompile Include="bit.cpp">
      <Filter>ソース ファイル\PnLib\util</Filter>
    </ClCompile>
    <ClCompile Include="loader.cpp">
      <Filter>ソース ファイル</Filter>
    </ClCompile>
    <ClCompile Include="Uniform.cpp">
      <Filter>ソース ファイル\GLI</Filter>
    </ClCompile>
    <ClCompile Include="loadPronetMap2.cpp">
      <Filter>ソース ファイル\PnLib\exreader</Filter>
    </ClCompile>
    <ClCompile Include="Chanck.cpp">
      <Filter>ソース ファイル\PnLib</Filter>
    </ClCompile>
    <ClCompile Include="Player.cpp">
      <Filter>ソース ファイル</Filter>
    </ClCompile>
    <ClCompile Include="collib.cpp">
      <Filter>ソース ファイル\PnLib\col</Filter>
    </ClCompile>
    <ClCompile Include="pnMath.cpp">
      <Filter>ソース ファイル</Filter>
    </ClCompile>
  </ItemGroup>
  <ItemGroup>
    <ClInclude Include="Pronet.h">
      <Filter>ヘッダー ファイル</Filter>
    </ClInclude>
    <ClInclude Include="glfw_Window.h">
      <Filter>ヘッダー ファイル\GLI</Filter>
    </ClInclude>
    <ClInclude Include="Shader.h">
      <Filter>ヘッダー ファイル\GLI</Filter>
    </ClInclude>
    <ClInclude Include="Object.h">
      <Filter>ヘッダー ファイル\GLI</Filter>
    </ClInclude>
    <ClInclude Include="Uniform.h">
      <Filter>ヘッダー ファイル\GLI</Filter>
    </ClInclude>
    <ClInclude Include="pronet_memory.h">
      <Filter>ヘッダー ファイル\PnHead\exmemory</Filter>
    </ClInclude>
    <ClInclude Include="Timer.h">
      <Filter>ヘッダー ファイル\PnHead\util</Filter>
    </ClInclude>
    <ClInclude Include="BitMap64.h">
      <Filter>ヘッダー ファイル\PnHead\util</Filter>
    </ClInclude>
    <ClInclude Include="readDocument.h">
      <Filter>ヘッダー ファイル\PnHead\exreader</Filter>
    </ClInclude>
    <ClInclude Include="readtxt.h">
      <Filter>ヘッダー ファイル\PnHead\exreader</Filter>
    </ClInclude>
    <ClInclude Include="Structure.h">
      <Filter>ヘッダー ファイル\PnHead\pnstr</Filter>
    </ClInclude>
    <ClInclude Include="Chanck.h">
      <Filter>ヘッダー ファイル\PnHead</Filter>
    </ClInclude>
    <ClInclude Include="bit.h">
      <Filter>ヘッダー ファイル\PnHead\util</Filter>
    </ClInclude>
    <ClInclude Include="loader.h">
      <Filter>ヘッダー ファイル</Filter>
    </ClInclude>
    <ClInclude Include="TLSFmemory.h">
      <Filter>ヘッダー ファイル\PnHead\exmemory\Allocater</Filter>
    </ClInclude>
    <ClInclude Include="MemoryAllocaterTester.h">
      <Filter>ヘッダー ファイル\PnHead\exmemory\Allocater</Filter>
    </ClInclude>
    <ClInclude Include="BoundaryTag.h">
      <Filter>ヘッダー ファイル\PnHead\exmemory\Allocater</Filter>
    </ClInclude>
    <ClInclude Include="ObjectPool.h">
      <Filter>ヘッダー ファイル\PnHead\exmemory\Pool</Filter>
    </ClInclude>
    <ClInclude Include="ObjectPoolArray.h">
      <Filter>ヘッダー ファイル\PnHead\exmemory\Pool</Filter>
    </ClInclude>
    <ClInclude Include="ObjectPoolList.h">
      <Filter>ヘッダー ファイル\PnHead\exmemory\Pool</Filter>
    </ClInclude>
    <ClInclude Include="pnTlsf.h">
      <Filter>ヘッダー ファイル\PnHead\exmemory</Filter>
    </ClInclude>
    <ClInclude Include="bit_tree.h">
      <Filter>ヘッダー ファイル\PnHead\util</Filter>
    </ClInclude>
    <ClInclude Include="loadPronetMap2.h">
      <Filter>ヘッダー ファイル\PnHead\exreader</Filter>
    </ClInclude>
    <ClInclude Include="collib.h">
      <Filter>ヘッダー ファイル\PnHead\col</Filter>
    </ClInclude>
    <ClInclude Include="Collision_4tree.h">
      <Filter>ヘッダー ファイル</Filter>
    </ClInclude>
    <ClInclude Include="colCell.h">
      <Filter>ヘッダー ファイル\PnHead</Filter>
    </ClInclude>
    <ClInclude Include="pnMath.h">
      <Filter>ヘッダー ファイル\PnHead\util</Filter>
    </ClInclude>
    <ClInclude Include="Player.h">
      <Filter>ヘッダー ファイル\PnHead</Filter>
    </ClInclude>
  </ItemGroup>
  <ItemGroup>
    <None Include="game_object1.str2v">
      <Filter>リソース ファイル</Filter>
    </None>
    <None Include="sample.pnsm">
      <Filter>リソース ファイル</Filter>
    </None>
    <None Include="LoadFileList.fi">
      <Filter>リソース ファイル</Filter>
    </None>
    <None Include="fragment_shader.frag">
      <Filter>ソース ファイル\Shader</Filter>
    </None>
    <None Include="vertex_shader.vert">
      <Filter>ソース ファイル\Shader</Filter>
    </None>
    <None Include="sample.pnmap2">
      <Filter>リソース ファイル</Filter>
    </None>
    <None Include="sample.mapbmp">
      <Filter>リソース ファイル</Filter>
    </None>
    <None Include="game_object2.str2v">
      <Filter>リソース ファイル</Filter>
    </None>
    <None Include="sample2.pnsm">
      <Filter>リソース ファイル</Filter>
    </None>
    <None Include="fragment_shader2.frag">
      <Filter>ソース ファイル\Shader</Filter>
    </None>
    <None Include="player.fi">
      <Filter>リソース ファイル</Filter>
    </None>
    <None Include="player.pnsm">
      <Filter>リソース ファイル</Filter>
    </None>
    <None Include="player.vert">
      <Filter>ソース ファイル\Shader</Filter>
    </None>
    <None Include="player.frag">
      <Filter>ソース ファイル\Shader</Filter>
    </None>
    <None Include="debug_c4t.vert">
      <Filter>ソース ファイル\Shader</Filter>
    </None>
    <None Include="debug_c4t.frag">
      <Filter>ソース ファイル\Shader</Filter>
    </None>
  </ItemGroup>
  <ItemGroup>
    <Text Include="AllocaterTesterLog.txt">
      <Filter>リソース ファイル\MemoryAllocaterLog</Filter>
    </Text>
    <Text Include="AllocaterTesterLog01120241126.txt">
      <Filter>リソース ファイル\MemoryAllocaterLog</Filter>
    </Text>
    <Text Include="AllocaterTesterLog05820241127.txt">
      <Filter>リソース ファイル\MemoryAllocaterLog</Filter>
    </Text>
    <Text Include="AllocaterTesterLog11620241128.txt">
      <Filter>リソース ファイル\MemoryAllocaterLog</Filter>
    </Text>
    <Text Include="AllocaterTesterLog112420241128.txt">
      <Filter>リソース ファイル\MemoryAllocaterLog</Filter>
    </Text>
    <Text Include="AllocaterTesterLog130920241126.txt">
      <Filter>リソース ファイル\MemoryAllocaterLog</Filter>
    </Text>
    <Text Include="log20241230.txt">
      <Filter>リソース ファイル</Filter>
    </Text>
  </ItemGroup>
</Project>